
Microsoft Visual Studio Solution File, Format Version 12.00
# Visual Studio Version 16
VisualStudioVersion = 16.0.29519.181
MinimumVisualStudioVersion = 10.0.40219.1
Project("{FAE04EC0-301F-11D3-BF4B-00C04F79EFBC}") = "TesteAPI", "TesteAPI\TesteAPI.csproj", "{C3698412-330A-4313-AC18-F6C3B4E7BCB8}"
EndProject
Global
	GlobalSection(SolutionConfigurationPlatforms) = preSolution
		Debug|Any CPU = Debug|Any CPU
		Release|Any CPU = Release|Any CPU
	EndGlobalSection
	GlobalSection(ProjectConfigurationPlatforms) = postSolution
		{C3698412-330A-4313-AC18-F6C3B4E7BCB8}.Debug|Any CPU.ActiveCfg = Debug|Any CPU
		{C3698412-330A-4313-AC18-F6C3B4E7BCB8}.Debug|Any CPU.Build.0 = Debug|Any CPU
		{C3698412-330A-4313-AC18-F6C3B4E7BCB8}.Release|Any CPU.ActiveCfg = Release|Any CPU
		{C3698412-330A-4313-AC18-F6C3B4E7BCB8}.Release|Any CPU.Build.0 = Release|Any CPU
	EndGlobalSection
	GlobalSection(SolutionProperties) = preSolution
		HideSolutionNode = FALSE
	EndGlobalSection
	GlobalSection(ExtensibilityGlobals) = postSolution
		SolutionGuid = {033D69B2-8699-47E6-840F-D7933FB0B3D7}
	EndGlobalSection
EndGlobal
